
Microsoft Visual Studio Solution File, Format Version 12.00
# Visual Studio Version 17
VisualStudioVersion = 17.8.34322.80
MinimumVisualStudioVersion = 10.0.40219.1
Project("{FAE04EC0-301F-11D3-BF4B-00C04F79EFBC}") = "WpfAppMetanit", "WpfAppMetanit.csproj", "{E6ED2956-9683-4962-B5BE-9F0C9671FD4A}"
EndProject
Global
	GlobalSection(SolutionConfigurationPlatforms) = preSolution
		Debug|Any CPU = Debug|Any CPU
		Release|Any CPU = Release|Any CPU
	EndGlobalSection
	GlobalSection(ProjectConfigurationPlatforms) = postSolution
		{E6ED2956-9683-4962-B5BE-9F0C9671FD4A}.Debug|Any CPU.ActiveCfg = Debug|Any CPU
		{E6ED2956-9683-4962-B5BE-9F0C9671FD4A}.Debug|Any CPU.Build.0 = Debug|Any CPU
		{E6ED2956-9683-4962-B5BE-9F0C9671FD4A}.Release|Any CPU.ActiveCfg = Release|Any CPU
		{E6ED2956-9683-4962-B5BE-9F0C9671FD4A}.Release|Any CPU.Build.0 = Release|Any CPU
	EndGlobalSection
	GlobalSection(SolutionProperties) = preSolution
		HideSolutionNode = FALSE
	EndGlobalSection
	GlobalSection(ExtensibilityGlobals) = postSolution
		SolutionGuid = {D7905A6C-4FE4-4C98-B4CC-305BB2044294}
	EndGlobalSection
EndGlobal
